PODS:
  - AAChartKit (6.0.0)
  - AgoraRtcEngine_iOS (4.1.1):
    - AgoraRtcEngine_iOS/AIAEC (= 4.1.1)
    - AgoraRtcEngine_iOS/AINS (= 4.1.1)
    - AgoraRtcEngine_iOS/AudioBeauty (= 4.1.1)
    - AgoraRtcEngine_iOS/ClearVision (= 4.1.1)
    - AgoraRtcEngine_iOS/ContentInspect (= 4.1.1)
    - AgoraRtcEngine_iOS/DRM (= 4.1.1)
    - AgoraRtcEngine_iOS/FaceDetection (= 4.1.1)
    - AgoraRtcEngine_iOS/ReplayKit (= 4.1.1)
    - AgoraRtcEngine_iOS/RtcBasic (= 4.1.1)
    - AgoraRtcEngine_iOS/SpatialAudio (= 4.1.1)
    - AgoraRtcEngine_iOS/VirtualBackground (= 4.1.1)
    - AgoraRtcEngine_iOS/VQA (= 4.1.1)
  - AgoraRtcEngine_iOS/AIAEC (4.1.1)
  - AgoraRtcEngine_iOS/AINS (4.1.1)
  - AgoraRtcEngine_iOS/AudioBeauty (4.1.1)
  - AgoraRtcEngine_iOS/ClearVision (4.1.1)
  - AgoraRtcEngine_iOS/ContentInspect (4.1.1)
  - AgoraRtcEngine_iOS/DRM (4.1.1)
  - AgoraRtcEngine_iOS/FaceDetection (4.1.1)
  - AgoraRtcEngine_iOS/ReplayKit (4.1.1)
  - AgoraRtcEngine_iOS/RtcBasic (4.1.1)
  - AgoraRtcEngine_iOS/SpatialAudio (4.1.1)
  - AgoraRtcEngine_iOS/VirtualBackground (4.1.1)
  - AgoraRtcEngine_iOS/VQA (4.1.1)
  - Fastboard (1.1.2):
    - Fastboard/core (= 1.1.2)
  - Fastboard/core (1.1.2):
    - Whiteboard (~> 2.16.36)
  - LMJDropdownMenu (3.0.4)
  - Masonry (1.1.0)
  - MBProgressHUD (1.2.0)
  - NTLBridge (3.1.5)
  - SDWebImage (5.12.6):
    - SDWebImage/Core (= 5.12.6)
  - SDWebImage/Core (5.12.6)
  - TZImagePickerController (3.8.3):
    - TZImagePickerController/Basic (= 3.8.3)
    - TZImagePickerController/Location (= 3.8.3)
  - TZImagePickerController/Basic (3.8.3)
  - TZImagePickerController/Location (3.8.3)
  - WebViewJavascriptBridge (6.0.3)
  - Whiteboard (2.16.57):
    - Whiteboard/Whiteboard-YYModel (= 2.16.57)
  - Whiteboard/Base (2.16.57):
    - NTLBridge (~> 3.1.4)
    - Whiteboard/Object
  - Whiteboard/Converter (2.16.57):
    - Whiteboard/Object
  - Whiteboard/Model (2.16.57):
    - YYModel
  - Whiteboard/NativeReplayer (2.16.57):
    - Whiteboard/Replayer
  - Whiteboard/Object (2.16.57):
    - Whiteboard/Model
  - Whiteboard/Replayer (2.16.57):
    - Whiteboard/Base
  - Whiteboard/Resource (2.16.57)
  - Whiteboard/Room (2.16.57):
    - Whiteboard/Base
  - Whiteboard/Whiteboard-YYModel (2.16.57):
    - Whiteboard/Converter
    - Whiteboard/NativeReplayer
    - Whiteboard/Resource
    - Whiteboard/Room
  - YYModel (1.0.4)

DEPENDENCIES:
  - AAChartKit (from `https://github.com/AAChartModel/AAChartKit.git`)
  - AgoraRtcEngine_iOS (~> 4.1.1)
  - Fastboard (~> 1.1.2)
  - LMJDropdownMenu
  - Masonry (~> 1.1.0)
  - MBProgressHUD (~> 1.2.0)
  - SDWebImage (~> 5.12.3)
  - TZImagePickerController
  - WebViewJavascriptBridge (~> 6.0)

SPEC REPOS:
  trunk:
    - AgoraRtcEngine_iOS
    - Fastboard
    - LMJDropdownMenu
    - Masonry
    - MBProgressHUD
    - NTLBridge
    - SDWebImage
    - TZImagePickerController
    - WebViewJavascriptBridge
    - Whiteboard
    - YYModel

EXTERNAL SOURCES:
  AAChartKit:
    :git: https://github.com/AAChartModel/AAChartKit.git

CHECKOUT OPTIONS:
  AAChartKit:
    :commit: cd64fa989af3177b46f559e8919b67e114e8061b
    :git: https://github.com/AAChartModel/AAChartKit.git

SPEC CHECKSUMS:
  AAChartKit: dffacac3b641f2d2dc2fbf5f227350d22faee784
  AgoraRtcEngine_iOS: df216a18a01c30fba926565d889c9542319252ac
  Fastboard: 2fb2863f6f6c23d1087f597660ddc74f1f198dec
  LMJDropdownMenu: 50c74e9d50a480c290fec47eb575826861d0823b
  Masonry: 678fab65091a9290e40e2832a55e7ab731aad201
  MBProgressHUD: 3ee5efcc380f6a79a7cc9b363dd669c5e1ae7406
  NTLBridge: e94dc18242476b0238c10213a5438d9b9a59fcce
  SDWebImage: a47aea9e3d8816015db4e523daff50cfd294499d
  TZImagePickerController: e9909edbadf7381140efc5b5c9f5bdbfd630f7d4
  WebViewJavascriptBridge: 7f5bc4d3581e672e8f32bd0f812d54bc69bb8e29
  Whiteboard: 0e6e4d1ccff8df5fff36b58de3add4d2a243c2bd
  YYModel: 2a7fdd96aaa4b86a824e26d0c517de8928c04b30

PODFILE CHECKSUM: 152b12cc473666f043d8b7b9108cf17d9b99f77d

COCOAPODS: 1.11.3
